// !$*UTF8*$!
{
	archiveVersion = 1;
	classes = {
	};
	objectVersion = 46;
	objects = {

/* Begin PBXBuildFile section */
		E48031A719C352DE00925A2E /* MealRecordListViewController.swift in Sources */ = {isa = PBXBuildFile; fileRef = E48031A619C352DE00925A2E /* MealRecordListViewController.swift */; };
		E48031A919C352FB00925A2E /* MealRecord.swift in Sources */ = {isa = PBXBuildFile; fileRef = E48031A819C352FB00925A2E /* MealRecord.swift */; };
		E48031AB19C3540800925A2E /* MealRecordDetailViewController.swift in Sources */ = {isa = PBXBuildFile; fileRef = E48031AA19C3540800925A2E /* MealRecordDetailViewController.swift */; };
		E4ED602819C2296B00E30109 /* AppDelegate.swift in Sources */ = {isa = PBXBuildFile; fileRef = E4ED602719C2296B00E30109 /* AppDelegate.swift */; };
		E4ED602D19C2296B00E30109 /* Main.storyboard in Resources */ = {isa = PBXBuildFile; fileRef = E4ED602B19C2296B00E30109 /* Main.storyboard */; };
		E4ED602F19C2296B00E30109 /* Images.xcassets in Resources */ = {isa = PBXBuildFile; fileRef = E4ED602E19C2296B00E30109 /* Images.xcassets */; };
		E4ED603219C2296B00E30109 /* LaunchScreen.xib in Resources */ = {isa = PBXBuildFile; fileRef = E4ED603019C2296B00E30109 /* LaunchScreen.xib */; };
		E4ED603E19C2296B00E30109 /* PocketMealTests.swift in Sources */ = {isa = PBXBuildFile; fileRef = E4ED603D19C2296B00E30109 /* PocketMealTests.swift */; };
/* End PBXBuildFile section */

/* Begin PBXContainerItemProxy section */
		E4ED603819C2296B00E30109 /* PBXContainerItemProxy */ = {
			isa = PBXContainerItemProxy;
			containerPortal = E4ED601A19C2296B00E30109 /* Project object */;
			proxyType = 1;
			remoteGlobalIDString = E4ED602119C2296B00E30109;
			remoteInfo = PocketMeal;
		};
/* End PBXContainerItemProxy section */

/* Begin PBXFileReference section */
		E48031A619C352DE00925A2E /* MealRecordListViewController.swift */ = {isa = PBXFileReference; fileEncoding = 4; lastKnownFileType = sourcecode.swift; path = MealRecordListViewController.swift; sourceTree = "<group>"; };
		E48031A819C352FB00925A2E /* MealRecord.swift */ = {isa = PBXFileReference; fileEncoding = 4; lastKnownFileType = sourcecode.swift; path = MealRecord.swift; sourceTree = "<group>"; };
		E48031AA19C3540800925A2E /* MealRecordDetailViewController.swift */ = {isa = PBXFileReference; fileEncoding = 4; lastKnownFileType = sourcecode.swift; path = MealRecordDetailViewController.swift; sourceTree = "<group>"; };
		E4ED602219C2296B00E30109 /* PocketMeal.app */ = {isa = PBXFileReference; explicitFileType = wrapper.application; includeInIndex = 0; path = PocketMeal.app; sourceTree = BUILT_PRODUCTS_DIR; };
		E4ED602619C2296B00E30109 /* Info.plist */ = {isa = PBXFileReference; lastKnownFileType = text.plist.xml; path = Info.plist; sourceTree = "<group>"; };
		E4ED602719C2296B00E30109 /* AppDelegate.swift */ = {isa = PBXFileReference; lastKnownFileType = sourcecode.swift; path = AppDelegate.swift; sourceTree = "<group>"; };
		E4ED602C19C2296B00E30109 /* Base */ = {isa = PBXFileReference; lastKnownFileType = file.storyboard; name = Base; path = Base.lproj/Main.storyboard; sourceTree = "<group>"; };
		E4ED602E19C2296B00E30109 /* Images.xcassets */ = {isa = PBXFileReference; lastKnownFileType = folder.assetcatalog; path = Images.xcassets; sourceTree = "<group>"; };
		E4ED603119C2296B00E30109 /* Base */ = {isa = PBXFileReference; lastKnownFileType = file.xib; name = Base; path = Base.lproj/LaunchScreen.xib; sourceTree = "<group>"; };
		E4ED603719C2296B00E30109 /* PocketMealTests.xctest */ = {isa = PBXFileReference; explicitFileType = wrapper.cfbundle; includeInIndex = 0; path = PocketMealTests.xctest; sourceTree = BUILT_PRODUCTS_DIR; };
		E4ED603C19C2296B00E30109 /* Info.plist */ = {isa = PBXFileReference; lastKnownFileType = text.plist.xml; path = Info.plist; sourceTree = "<group>"; };
		E4ED603D19C2296B00E30109 /* PocketMealTests.swift */ = {isa = PBXFileReference; lastKnownFileType = sourcecode.swift; path = PocketMealTests.swift; sourceTree = "<group>"; };
/* End PBXFileReference section */

/* Begin PBXFrameworksBuildPhase section */
		E4ED601F19C2296B00E30109 /* Frameworks */ = {
			isa = PBXFrameworksBuildPhase;
			buildActionMask = 2147483647;
			files = (
			);
			runOnlyForDeploymentPostprocessing = 0;
		};
		E4ED603419C2296B00E30109 /* Frameworks */ = {
			isa = PBXFrameworksBuildPhase;
			buildActionMask = 2147483647;
			files = (
			);
			runOnlyForDeploymentPostprocessing = 0;
		};
/* End PBXFrameworksBuildPhase section */

/* Begin PBXGroup section */
		E48031A419C352C300925A2E /* Models */ = {
			isa = PBXGroup;
			children = (
				E48031A819C352FB00925A2E /* MealRecord.swift */,
			);
			path = Models;
			sourceTree = "<group>";
		};
		E48031A519C352C300925A2E /* ViewControllers */ = {
			isa = PBXGroup;
			children = (
				E48031A619C352DE00925A2E /* MealRecordListViewController.swift */,
				E48031AA19C3540800925A2E /* MealRecordDetailViewController.swift */,
			);
			path = ViewControllers;
			sourceTree = "<group>";
		};
		E4ED601919C2296B00E30109 = {
			isa = PBXGroup;
			children = (
				E4ED602419C2296B00E30109 /* PocketMeal */,
				E4ED603A19C2296B00E30109 /* PocketMealTests */,
				E4ED602319C2296B00E30109 /* Products */,
			);
			sourceTree = "<group>";
		};
		E4ED602319C2296B00E30109 /* Products */ = {
			isa = PBXGroup;
			children = (
				E4ED602219C2296B00E30109 /* PocketMeal.app */,
				E4ED603719C2296B00E30109 /* PocketMealTests.xctest */,
			);
			name = Products;
			sourceTree = "<group>";
		};
		E4ED602419C2296B00E30109 /* PocketMeal */ = {
			isa = PBXGroup;
			children = (
				E48031A419C352C300925A2E /* Models */,
				E48031A519C352C300925A2E /* ViewControllers */,
				E4ED602719C2296B00E30109 /* AppDelegate.swift */,
				E4ED602B19C2296B00E30109 /* Main.storyboard */,
				E4ED602E19C2296B00E30109 /* Images.xcassets */,
				E4ED603019C2296B00E30109 /* LaunchScreen.xib */,
				E4ED602519C2296B00E30109 /* Supporting Files */,
			);
			path = PocketMeal;
			sourceTree = "<group>";
		};
		E4ED602519C2296B00E30109 /* Supporting Files */ = {
			isa = PBXGroup;
			children = (
				E4ED602619C2296B00E30109 /* Info.plist */,
			);
			name = "Supporting Files";
			sourceTree = "<group>";
		};
		E4ED603A19C2296B00E30109 /* PocketMealTests */ = {
			isa = PBXGroup;
			children = (
				E4ED603D19C2296B00E30109 /* PocketMealTests.swift */,
				E4ED603B19C2296B00E30109 /* Supporting Files */,
			);
			path = PocketMealTests;
			sourceTree = "<group>";
		};
		E4ED603B19C2296B00E30109 /* Supporting Files */ = {
			isa = PBXGroup;
			children = (
				E4ED603C19C2296B00E30109 /* Info.plist */,
			);
			name = "Supporting Files";
			sourceTree = "<group>";
		};
/* End PBXGroup section */

/* Begin PBXNativeTarget section */
		E4ED602119C2296B00E30109 /* PocketMeal */ = {
			isa = PBXNativeTarget;
			buildConfigurationList = E4ED604119C2296B00E30109 /* Build configuration list for PBXNativeTarget "PocketMeal" */;
			buildPhases = (
				E4ED601E19C2296B00E30109 /* Sources */,
				E4ED601F19C2296B00E30109 /* Frameworks */,
				E4ED602019C2296B00E30109 /* Resources */,
			);
			buildRules = (
			);
			dependencies = (
			);
			name = PocketMeal;
			productName = PocketMeal;
			productReference = E4ED602219C2296B00E30109 /* PocketMeal.app */;
			productType = "com.apple.product-type.application";
		};
		E4ED603619C2296B00E30109 /* PocketMealTests */ = {
			isa = PBXNativeTarget;
			buildConfigurationList = E4ED604419C2296B00E30109 /* Build configuration list for PBXNativeTarget "PocketMealTests" */;
			buildPhases = (
				E4ED603319C2296B00E30109 /* Sources */,
				E4ED603419C2296B00E30109 /* Frameworks */,
				E4ED603519C2296B00E30109 /* Resources */,
			);
			buildRules = (
			);
			dependencies = (
				E4ED603919C2296B00E30109 /* PBXTargetDependency */,
			);
			name = PocketMealTests;
			productName = PocketMealTests;
			productReference = E4ED603719C2296B00E30109 /* PocketMealTests.xctest */;
			productType = "com.apple.product-type.bundle.unit-test";
		};
/* End PBXNativeTarget section */

/* Begin PBXProject section */
		E4ED601A19C2296B00E30109 /* Project object */ = {
			isa = PBXProject;
			attributes = {
				LastUpgradeCheck = 0600;
				ORGANIZATIONNAME = LAB360;
				TargetAttributes = {
					E4ED602119C2296B00E30109 = {
						CreatedOnToolsVersion = 6.0;
					};
					E4ED603619C2296B00E30109 = {
						CreatedOnToolsVersion = 6.0;
						TestTargetID = E4ED602119C2296B00E30109;
					};
				};
			};
			buildConfigurationList = E4ED601D19C2296B00E30109 /* Build configuration list for PBXProject "PocketMeal" */;
			compatibilityVersion = "Xcode 3.2";
			developmentRegion = English;
			hasScannedForEncodings = 0;
			knownRegions = (
				en,
				Base,
			);
			mainGroup = E4ED601919C2296B00E30109;
			productRefGroup = E4ED602319C2296B00E30109 /* Products */;
			projectDirPath = "";
			projectRoot = "";
			targets = (
				E4ED602119C2296B00E30109 /* PocketMeal */,
				E4ED603619C2296B00E30109 /* PocketMealTests */,
			);
		};
/* End PBXProject section */

/* Begin PBXResourcesBuildPhase section */
		E4ED602019C2296B00E30109 /* Resources */ = {
			isa = PBXResourcesBuildPhase;
			buildActionMask = 2147483647;
			files = (
				E4ED602D19C2296B00E30109 /* Main.storyboard in Resources */,
				E4ED603219C2296B00E30109 /* LaunchScreen.xib in Resources */,
				E4ED602F19C2296B00E30109 /* Images.xcassets in Resources */,
			);
			runOnlyForDeploymentPostprocessing = 0;
		};
		E4ED603519C2296B00E30109 /* Resources */ = {
			isa = PBXResourcesBuildPhase;
			buildActionMask = 2147483647;
			files = (
			);
			runOnlyForDeploymentPostprocessing = 0;
		};
/* End PBXResourcesBuildPhase section */

/* Begin PBXSourcesBuildPhase section */
		E4ED601E19C2296B00E30109 /* Sources */ = {
			isa = PBXSourcesBuildPhase;
			buildActionMask = 2147483647;
			files = (
				E48031A719C352DE00925A2E /* MealRecordListViewController.swift in Sources */,
				E4ED602819C2296B00E30109 /* AppDelegate.swift in Sources */,
				E48031A919C352FB00925A2E /* MealRecord.swift in Sources */,
				E48031AB19C3540800925A2E /* MealRecordDetailViewController.swift in Sources */,
			);
			runOnlyForDeploymentPostprocessing = 0;
		};
		E4ED603319C2296B00E30109 /* Sources */ = {
			isa = PBXSourcesBuildPhase;
			buildActionMask = 2147483647;
			files = (
				E4ED603E19C2296B00E30109 /* PocketMealTests.swift in Sources */,
			);
			runOnlyForDeploymentPostprocessing = 0;
		};
/* End PBXSourcesBuildPhase section */

/* Begin PBXTargetDependency section */
		E4ED603919C2296B00E30109 /* PBXTargetDependency */ = {
			isa = PBXTargetDependency;
			target = E4ED602119C2296B00E30109 /* PocketMeal */;
			targetProxy = E4ED603819C2296B00E30109 /* PBXContainerItemProxy */;
		};
/* End PBXTargetDependency section */

/* Begin PBXVariantGroup section */
		E4ED602B19C2296B00E30109 /* Main.storyboard */ = {
			isa = PBXVariantGroup;
			children = (
				E4ED602C19C2296B00E30109 /* Base */,
			);
			name = Main.storyboard;
			sourceTree = "<group>";
		};
		E4ED603019C2296B00E30109 /* LaunchScreen.xib */ = {
			isa = PBXVariantGroup;
			children = (
				E4ED603119C2296B00E30109 /* Base */,
			);
			name = LaunchScreen.xib;
			sourceTree = "<group>";
		};
/* End PBXVariantGroup section */

/* Begin XCBuildConfiguration section */
		E4ED603F19C2296B00E30109 /* Debug */ = {
			isa = XCBuildConfiguration;
			buildSettings = {
				ALWAYS_SEARCH_USER_PATHS = NO;
				CLANG_CXX_LANGUAGE_STANDARD = "gnu++0x";
				CLANG_CXX_LIBRARY = "libc++";
				CLANG_ENABLE_MODULES = YES;
				CLANG_ENABLE_OBJC_ARC = YES;
				CLANG_WARN_BOOL_CONVERSION = YES;
				CLANG_WARN_CONSTANT_CONVERSION = YES;
				CLANG_WARN_DIRECT_OBJC_ISA_USAGE = YES_ERROR;
				CLANG_WARN_EMPTY_BODY = YES;
				CLANG_WARN_ENUM_CONVERSION = YES;
				CLANG_WARN_INT_CONVERSION = YES;
				CLANG_WARN_OBJC_ROOT_CLASS = YES_ERROR;
				CLANG_WARN_UNREACHABLE_CODE = YES;
				CLANG_WARN__DUPLICATE_METHOD_MATCH = YES;
				"CODE_SIGN_IDENTITY[sdk=iphoneos*]" = "iPhone Developer";
				COPY_PHASE_STRIP = NO;
				ENABLE_STRICT_OBJC_MSGSEND = YES;
				GCC_C_LANGUAGE_STANDARD = gnu99;
				GCC_DYNAMIC_NO_PIC = NO;
				GCC_OPTIMIZATION_LEVEL = 0;
				GCC_PREPROCESSOR_DEFINITIONS = (
					"DEBUG=1",
					"$(inherited)",
				);
				GCC_SYMBOLS_PRIVATE_EXTERN = NO;
				GCC_WARN_64_TO_32_BIT_CONVERSION = YES;
				GCC_WARN_ABOUT_RETURN_TYPE = YES_ERROR;
				GCC_WARN_UNDECLARED_SELECTOR = YES;
				GCC_WARN_UNINITIALIZED_AUTOS = YES_AGGRESSIVE;
				GCC_WARN_UNUSED_FUNCTION = YES;
				GCC_WARN_UNUSED_VARIABLE = YES;
				IPHONEOS_DEPLOYMENT_TARGET = 8.0;
				MTL_ENABLE_DEBUG_INFO = YES;
				ONLY_ACTIVE_ARCH = YES;
				SDKROOT = iphoneos;
				SWIFT_OPTIMIZATION_LEVEL = "-Onone";
			};
			name = Debug;
		};
		E4ED604019C2296B00E30109 /* Release */ = {
			isa = XCBuildConfiguration;
			buildSettings = {
				ALWAYS_SEARCH_USER_PATHS = NO;
				CLANG_CXX_LANGUAGE_STANDARD = "gnu++0x";
				CLANG_CXX_LIBRARY = "libc++";
				CLANG_ENABLE_MODULES = YES;
				CLANG_ENABLE_OBJC_ARC = YES;
				CLANG_WARN_BOOL_CONVERSION = YES;
				CLANG_WARN_CONSTANT_CONVERSION = YES;
				CLANG_WARN_DIRECT_OBJC_ISA_USAGE = YES_ERROR;
				CLANG_WARN_EMPTY_BODY = YES;
				CLANG_WARN_ENUM_CONVERSION = YES;
				CLANG_WARN_INT_CONVERSION = YES;
				CLANG_WARN_OBJC_ROOT_CLASS = YES_ERROR;
				CLANG_WARN_UNREACHABLE_CODE = YES;
				CLANG_WARN__DUPLICATE_METHOD_MATCH = YES;
				"CODE_SIGN_IDENTITY[sdk=iphoneos*]" = "iPhone Developer";
				COPY_PHASE_STRIP = YES;
				ENABLE_NS_ASSERTIONS = NO;
				ENABLE_STRICT_OBJC_MSGSEND = YES;
				GCC_C_LANGUAGE_STANDARD = gnu99;
				GCC_WARN_64_TO_32_BIT_CONVERSION = YES;
				GCC_WARN_ABOUT_RETURN_TYPE = YES_ERROR;
				GCC_WARN_UNDECLARED_SELECTOR = YES;
				GCC_WARN_UNINITIALIZED_AUTOS = YES_AGGRESSIVE;
				GCC_WARN_UNUSED_FUNCTION = YES;
				GCC_WARN_UNUSED_VARIABLE = YES;
				IPHONEOS_DEPLOYMENT_TARGET = 8.0;
				MTL_ENABLE_DEBUG_INFO = NO;
				SDKROOT = iphoneos;
				VALIDATE_PRODUCT = YES;
			};
			name = Release;
		};
		E4ED604219C2296B00E30109 /* Debug */ = {
			isa = XCBuildConfiguration;
			buildSettings = {
				ASSETCATALOG_COMPILER_APPICON_NAME = AppIcon;
				INFOPLIST_FILE = PocketMeal/Info.plist;
				IPHONEOS_DEPLOYMENT_TARGET = 7.1;
				LD_RUNPATH_SEARCH_PATHS = "$(inherited) @executable_path/Frameworks";
				PRODUCT_NAME = "$(TARGET_NAME)";
			};
			name = Debug;
		};
		E4ED604319C2296B00E30109 /* Release */ = {
			isa = XCBuildConfiguration;
			buildSettings = {
				ASSETCATALOG_COMPILER_APPICON_NAME = AppIcon;
				INFOPLIST_FILE = PocketMeal/Info.plist;
				IPHONEOS_DEPLOYMENT_TARGET = 7.1;
				LD_RUNPATH_SEARCH_PATHS = "$(inherited) @executable_path/Frameworks";
				PRODUCT_NAME = "$(TARGET_NAME)";
			};
			name = Release;
		};
		E4ED604519C2296B00E30109 /* Debug */ = {
			isa = XCBuildConfiguration;
			buildSettings = {
				BUNDLE_LOADER = "$(TEST_HOST)";
				FRAMEWORK_SEARCH_PATHS = (
					"$(SDKROOT)/Developer/Library/Frameworks",
					"$(inherited)",
				);
				GCC_PREPROCESSOR_DEFINITIONS = (
					"DEBUG=1",
					"$(inherited)",
				);
				INFOPLIST_FILE = PocketMealTests/Info.plist;
				LD_RUNPATH_SEARCH_PATHS = "$(inherited) @executable_path/Frameworks @loader_path/Frameworks";
				PRODUCT_NAME = "$(TARGET_NAME)";
				TEST_HOST = "$(BUILT_PRODUCTS_DIR)/PocketMeal.app/PocketMeal";
			};
			name = Debug;
		};
		E4ED604619C2296B00E30109 /* Release */ = {
			isa = XCBuildConfiguration;
			buildSettings = {
				BUNDLE_LOADER = "$(TEST_HOST)";
				FRAMEWORK_SEARCH_PATHS = (
					"$(SDKROOT)/Developer/Library/Frameworks",
					"$(inherited)",
				);
				INFOPLIST_FILE = PocketMealTests/Info.plist;
				LD_RUNPATH_SEARCH_PATHS = "$(inherited) @executable_path/Frameworks @loader_path/Frameworks";
				PRODUCT_NAME = "$(TARGET_NAME)";
				TEST_HOST = "$(BUILT_PRODUCTS_DIR)/PocketMeal.app/PocketMeal";
			};
			name = Release;
		};
/* End XCBuildConfiguration section */

/* Begin XCConfigurationList section */
		E4ED601D19C2296B00E30109 /* Build configuration list for PBXProject "PocketMeal" */ = {
			isa = XCConfigurationList;
			buildConfigurations = (
				E4ED603F19C2296B00E30109 /* Debug */,
				E4ED604019C2296B00E30109 /* Release */,
			);
			defaultConfigurationIsVisible = 0;
			defaultConfigurationName = Release;
		};
		E4ED604119C2296B00E30109 /* Build configuration list for PBXNativeTarget "PocketMeal" */ = {
			isa = XCConfigurationList;
			buildConfigurations = (
				E4ED604219C2296B00E30109 /* Debug */,
				E4ED604319C2296B00E30109 /* Release */,
			);
			defaultConfigurationIsVisible = 0;
			defaultConfigurationName = Release;
		};
		E4ED604419C2296B00E30109 /* Build configuration list for PBXNativeTarget "PocketMealTests" */ = {
			isa = XCConfigurationList;
			buildConfigurations = (
				E4ED604519C2296B00E30109 /* Debug */,
				E4ED604619C2296B00E30109 /* Release */,
			);
			defaultConfigurationIsVisible = 0;
			defaultConfigurationName = Release;
		};
/* End XCConfigurationList section */
	};
	rootObject = E4ED601A19C2296B00E30109 /* Project object */;
}
